
Microsoft Visual Studio Solution File, Format Version 12.00
# Visual Studio Version 16
VisualStudioVersion = 16.0.29911.84
MinimumVisualStudioVersion = 10.0.40219.1
Project("{FAE04EC0-301F-11D3-BF4B-00C04F79EFBC}") = "hometask1.2", "hometask1.2\hometask1.2.csproj", "{925F51F1-B0B8-4425-AD46-A438E73EE64B}"
EndProject
Global
	GlobalSection(SolutionConfigurationPlatforms) = preSolution
		Debug|Any CPU = Debug|Any CPU
		Release|Any CPU = Release|Any CPU
	EndGlobalSection
	GlobalSection(ProjectConfigurationPlatforms) = postSolution
		{925F51F1-B0B8-4425-AD46-A438E73EE64B}.Debug|Any CPU.ActiveCfg = Debug|Any CPU
		{925F51F1-B0B8-4425-AD46-A438E73EE64B}.Debug|Any CPU.Build.0 = Debug|Any CPU
		{925F51F1-B0B8-4425-AD46-A438E73EE64B}.Release|Any CPU.ActiveCfg = Release|Any CPU
		{925F51F1-B0B8-4425-AD46-A438E73EE64B}.Release|Any CPU.Build.0 = Release|Any CPU
	EndGlobalSection
	GlobalSection(SolutionProperties) = preSolution
		HideSolutionNode = FALSE
	EndGlobalSection
	GlobalSection(ExtensibilityGlobals) = postSolution
		SolutionGuid = {872A611A-3C1C-4A04-84BF-1367304B809E}
	EndGlobalSection
EndGlobal
