
Microsoft Visual Studio Solution File, Format Version 12.00
# Visual Studio Version 16
VisualStudioVersion = 16.0.29911.84
MinimumVisualStudioVersion = 10.0.40219.1
Project("{FAE04EC0-301F-11D3-BF4B-00C04F79EFBC}") = "Salad Chef", "Salad Chef\Salad Chef.csproj", "{6C58519B-25C2-4882-AB20-477E4A44A862}"
EndProject
Global
	GlobalSection(SolutionConfigurationPlatforms) = preSolution
		Debug|Any CPU = Debug|Any CPU
		Release|Any CPU = Release|Any CPU
	EndGlobalSection
	GlobalSection(ProjectConfigurationPlatforms) = postSolution
		{6C58519B-25C2-4882-AB20-477E4A44A862}.Debug|Any CPU.ActiveCfg = Debug|Any CPU
		{6C58519B-25C2-4882-AB20-477E4A44A862}.Debug|Any CPU.Build.0 = Debug|Any CPU
		{6C58519B-25C2-4882-AB20-477E4A44A862}.Release|Any CPU.ActiveCfg = Release|Any CPU
		{6C58519B-25C2-4882-AB20-477E4A44A862}.Release|Any CPU.Build.0 = Release|Any CPU
	EndGlobalSection
	GlobalSection(SolutionProperties) = preSolution
		HideSolutionNode = FALSE
	EndGlobalSection
	GlobalSection(ExtensibilityGlobals) = postSolution
		SolutionGuid = {EED94594-3AD8-4FBB-95D2-A74634DE1CB0}
	EndGlobalSection
EndGlobal
